
Microsoft Visual Studio Solution File, Format Version 12.00
# Visual Studio Version 17
VisualStudioVersion = 17.0.32014.148
MinimumVisualStudioVersion = 10.0.40219.1
Project("{FAE04EC0-301F-11D3-BF4B-00C04F79EFBC}") = "CIMLib", "CIMLib\CIMLib.csproj", "{A7BF1F9C-F18D-423E-9354-859DC3CFAFD4}"
EndProject
Project("{FAE04EC0-301F-11D3-BF4B-00C04F79EFBC}") = "vsSolutionBuildEvent", "vsSolutionBuildEvent\vsSolutionBuildEvent.csproj", "{32E44995-F621-4E77-B46A-8F65D64E7FEA}"
	ProjectSection(ProjectDependencies) = postProject
		{73919171-44B6-4536-B892-F1FCA653887C} = {73919171-44B6-4536-B892-F1FCA653887C}
		{A7BF1F9C-F18D-423E-9354-859DC3CFAFD4} = {A7BF1F9C-F18D-423E-9354-859DC3CFAFD4}
	EndProjectSection
EndProject
Project("{9A19103F-16F7-4668-BE54-9A1E7A4F7556}") = "vsSolutionBuildEventTest", "vsSolutionBuildEventTest\vsSolutionBuildEventTest.csproj", "{C00D04E8-8101-42F5-89DA-CBAD205CC1D3}"
EndProject
Project("{9A19103F-16F7-4668-BE54-9A1E7A4F7556}") = "Bridge", "Bridge\Bridge.csproj", "{73919171-44B6-4536-B892-F1FCA653887C}"
EndProject
Project("{9A19103F-16F7-4668-BE54-9A1E7A4F7556}") = "Devenv", "Devenv\Devenv.csproj", "{56437CBB-4AE5-4405-B928-600009D60E2D}"
	ProjectSection(ProjectDependencies) = postProject
		{73919171-44B6-4536-B892-F1FCA653887C} = {73919171-44B6-4536-B892-F1FCA653887C}
	EndProjectSection
EndProject
Project("{9A19103F-16F7-4668-BE54-9A1E7A4F7556}") = "CI.MSBuild", "CI.MSBuild\CI.MSBuild.csproj", "{97F0E2FF-42DB-4506-856D-8694DD99F827}"
EndProject
Project("{9A19103F-16F7-4668-BE54-9A1E7A4F7556}") = "Provider", "Provider\Provider.csproj", "{4F8BB8CD-1116-4F07-9B8F-06D69FB8589B}"
EndProject
Project("{9A19103F-16F7-4668-BE54-9A1E7A4F7556}") = "ClientDemo", "ClientDemo\ClientDemo.csproj", "{9673A8FC-07E1-4BB3-A97E-020481A5275E}"
EndProject
Project("{9A19103F-16F7-4668-BE54-9A1E7A4F7556}") = "MvsSln", "MvsSln\MvsSln\MvsSln.csproj", "{F905DFB2-2E67-4FF7-9001-924F6F2D645D}"
EndProject
Project("{9A19103F-16F7-4668-BE54-9A1E7A4F7556}") = "MvsSlnTest", "MvsSln\MvsSlnTest\MvsSlnTest.csproj", "{EC0CA220-39EC-41E5-B9D6-88D8F860F979}"
	ProjectSection(ProjectDependencies) = postProject
		{F905DFB2-2E67-4FF7-9001-924F6F2D645D} = {F905DFB2-2E67-4FF7-9001-924F6F2D645D}
	EndProjectSection
EndProject
Project("{9A19103F-16F7-4668-BE54-9A1E7A4F7556}") = "E-MSBuild", "inc\modules\E-MSBuild\E-MSBuild.csproj", "{4535CDA1-84A0-454B-8024-B43E5FF60C14}"
EndProject
Project("{9A19103F-16F7-4668-BE54-9A1E7A4F7556}") = "SobaScript", "inc\modules\SobaScript\SobaScript.csproj", "{2D581D12-4D3B-4634-8994-AB7696631EEA}"
EndProject
Project("{9A19103F-16F7-4668-BE54-9A1E7A4F7556}") = "SobaScript.Mapper", "inc\modules\SobaScript.Mapper\SobaScript.Mapper.csproj", "{D1BAAEDF-56B7-449D-A54A-6DD0E0865794}"
EndProject
Project("{9A19103F-16F7-4668-BE54-9A1E7A4F7556}") = "SobaScript.Z.Core", "inc\modules\SobaScript.Z.Core\SobaScript.Z.Core.csproj", "{8C63F705-865E-4E0D-9D8F-A94447572E88}"
EndProject
Project("{9A19103F-16F7-4668-BE54-9A1E7A4F7556}") = "SobaScript.Z.Ext", "inc\modules\SobaScript.Z.Ext\SobaScript.Z.Ext.csproj", "{E94B649F-E06B-4F2A-9A81-4F2277AA3C4C}"
EndProject
Project("{9A19103F-16F7-4668-BE54-9A1E7A4F7556}") = "SobaScript.Z.VS", "inc\modules\SobaScript.Z.VS\SobaScript.Z.VS.csproj", "{5C6C3DAA-4D11-4625-AC42-91E7427465E9}"
EndProject
Project("{9A19103F-16F7-4668-BE54-9A1E7A4F7556}") = "Varhead", "inc\modules\Varhead\Varhead.csproj", "{424FF98E-9A4C-4132-9BC2-EE44A091FDFC}"
EndProject
Project("{9A19103F-16F7-4668-BE54-9A1E7A4F7556}") = "LSender", "inc\modules\LSender\LSender.csproj", "{975A347D-EC1A-43A5-BA62-E98BFA3BACB1}"
EndProject
Project("{9A19103F-16F7-4668-BE54-9A1E7A4F7556}") = "VarheadTest", "inc\tests\VarheadTest\VarheadTest.csproj", "{E6A9E109-E2C3-416A-B1CC-419C15517FBD}"
EndProject
Project("{9A19103F-16F7-4668-BE54-9A1E7A4F7556}") = "E-MSBuildTest", "inc\tests\E-MSBuildTest\E-MSBuildTest.csproj", "{5B6119E8-149A-4951-A38B-3FCCCF6989B0}"
EndProject
Project("{9A19103F-16F7-4668-BE54-9A1E7A4F7556}") = "SobaScriptTest", "inc\tests\SobaScriptTest\SobaScriptTest.csproj", "{9E29090D-2C2D-441F-93A8-D5B2B144689B}"
EndProject
Project("{9A19103F-16F7-4668-BE54-9A1E7A4F7556}") = "SobaScript.MapperTest", "inc\tests\SobaScript.MapperTest\SobaScript.MapperTest.csproj", "{8F978F46-F753-4B9B-A1B9-A45D1055A7FA}"
EndProject
Project("{9A19103F-16F7-4668-BE54-9A1E7A4F7556}") = "SobaScript.Z.CoreTest", "inc\tests\SobaScript.Z.CoreTest\SobaScript.Z.CoreTest.csproj", "{1024A7F4-F1DB-4E72-82F9-7147106DD68A}"
EndProject
Project("{9A19103F-16F7-4668-BE54-9A1E7A4F7556}") = "SobaScript.Z.ExtTest", "inc\tests\SobaScript.Z.ExtTest\SobaScript.Z.ExtTest.csproj", "{CA7593EC-5AAE-4403-A884-C939C2BB5A4F}"
EndProject
Project("{9A19103F-16F7-4668-BE54-9A1E7A4F7556}") = "SobaScript.Z.VSTest", "inc\tests\SobaScript.Z.VSTest\SobaScript.Z.VSTest.csproj", "{45494557-B2FE-4B18-AA1C-CF40E927A057}"
EndProject
Project("{9A19103F-16F7-4668-BE54-9A1E7A4F7556}") = "CI.MSBuild.Test", "CI.MSBuild.Test\CI.MSBuild.Test.csproj", "{E975A4A3-08C9-4597-A246-C11319DCAF4C}"
EndProject
Project("{9A19103F-16F7-4668-BE54-9A1E7A4F7556}") = "CI.GUI", "CI.GUI\CI.GUI.csproj", "{3CE895B6-2F7B-4A04-952A-839F235ED43E}"
EndProject
Project("{9A19103F-16F7-4668-BE54-9A1E7A4F7556}") = "LSenderTest", "inc\tests\LSender\LSenderTest\LSenderTest.csproj", "{1CBD5BB8-EBDD-44A3-8BA8-99EAF56A045F}"
EndProject
Project("{9A19103F-16F7-4668-BE54-9A1E7A4F7556}") = "DepC", "inc\tests\LSender\DepC\DepC.csproj", "{D63DA37D-E70A-4367-B89C-7BAB3B87049E}"
EndProject
Project("{9A19103F-16F7-4668-BE54-9A1E7A4F7556}") = "DepB", "inc\tests\LSender\DepB\DepB.csproj", "{FC052F54-1AF2-4852-A582-836D483A2A07}"
EndProject
Project("{9A19103F-16F7-4668-BE54-9A1E7A4F7556}") = "DepA", "inc\tests\LSender\DepA\DepA.csproj", "{C15824DA-1015-47E4-9F96-B59591A36C4E}"
EndProject
Project("{2150E333-8FDC-42A3-9474-1A3956D46DE8}") = "root", "root", "{7ADBBB81-2FA7-45CA-B97D-486C3A6624D3}"
	ProjectSection(SolutionItems) = preProject
		.gitignore = .gitignore
		.vssbe = .vssbe
		3rd-party = 3rd-party
		AUTHORS = AUTHORS
		build.bat = build.bat
		changelog.txt = changelog.txt
		LICENSE = LICENSE
		LICENSE.vsixinfo = LICENSE.vsixinfo
		README.md = README.md
		Version.tpl = Version.tpl
	EndProjectSection
EndProject
Project("{2150E333-8FDC-42A3-9474-1A3956D46DE8}") = "tools", "tools", "{849DD790-F856-493C-A19E-2560A21F6AF1}"
	ProjectSection(SolutionItems) = preProject
		tools\gnt.bat = tools\gnt.bat
		tools\hMSBuild.bat = tools\hMSBuild.bat
		tools\vsSolutionBuildEvent.nuspec = tools\vsSolutionBuildEvent.nuspec
	EndProjectSection
EndProject
Project("{2150E333-8FDC-42A3-9474-1A3956D46DE8}") = "VsixLib", "VsixLib", "{A6FD95A3-7093-47C2-9183-5629ABC4A955}"
	ProjectSection(SolutionItems) = preProject
		VsixLib.targets = VsixLib.targets
	EndProjectSection
EndProject
Project("{2150E333-8FDC-42A3-9474-1A3956D46DE8}") = "Varhead", "Varhead", "{85F40965-8316-4F2B-BD3C-DFF3A3DDADC5}"
EndProject
Project("{2150E333-8FDC-42A3-9474-1A3956D46DE8}") = "E-MSBuild", "E-MSBuild", "{B9825033-5C6B-4B81-9D5C-5C01A1DDCC95}"
EndProject
Project("{2150E333-8FDC-42A3-9474-1A3956D46DE8}") = "LSender", "LSender", "{2AD4111C-2116-4B24-A222-380D33D6C328}"
EndProject
Project("{2150E333-8FDC-42A3-9474-1A3956D46DE8}") = "SobaScript", "SobaScript", "{BA1B2E4D-7921-4555-BAEC-96BA92AFB8DE}"
EndProject
Global
	GlobalSection(SolutionConfigurationPlatforms) = preSolution
		DBG_SDK10|Any CPU = DBG_SDK10|Any CPU
		DBG_SDK15|Any CPU = DBG_SDK15|Any CPU
		DBG_SDK17|Any CPU = DBG_SDK17|Any CPU
		REL_SDK10|Any CPU = REL_SDK10|Any CPU
		REL_SDK15|Any CPU = REL_SDK15|Any CPU
		REL_SDK17|Any CPU = REL_SDK17|Any CPU
	EndGlobalSection
	GlobalSection(ProjectConfigurationPlatforms) = postSolution
		{A7BF1F9C-F18D-423E-9354-859DC3CFAFD4}.DBG_SDK10|Any CPU.ActiveCfg = Release|Any CPU
		{A7BF1F9C-F18D-423E-9354-859DC3CFAFD4}.DBG_SDK10|Any CPU.Build.0 = Release|Any CPU
		{A7BF1F9C-F18D-423E-9354-859DC3CFAFD4}.DBG_SDK15|Any CPU.ActiveCfg = Release|Any CPU
		{A7BF1F9C-F18D-423E-9354-859DC3CFAFD4}.DBG_SDK15|Any CPU.Build.0 = Release|Any CPU
		{A7BF1F9C-F18D-423E-9354-859DC3CFAFD4}.DBG_SDK17|Any CPU.ActiveCfg = Release|Any CPU
		{A7BF1F9C-F18D-423E-9354-859DC3CFAFD4}.DBG_SDK17|Any CPU.Build.0 = Release|Any CPU
		{A7BF1F9C-F18D-423E-9354-859DC3CFAFD4}.REL_SDK10|Any CPU.ActiveCfg = Release|Any CPU
		{A7BF1F9C-F18D-423E-9354-859DC3CFAFD4}.REL_SDK10|Any CPU.Build.0 = Release|Any CPU
		{A7BF1F9C-F18D-423E-9354-859DC3CFAFD4}.REL_SDK15|Any CPU.ActiveCfg = Release|Any CPU
		{A7BF1F9C-F18D-423E-9354-859DC3CFAFD4}.REL_SDK15|Any CPU.Build.0 = Release|Any CPU
		{A7BF1F9C-F18D-423E-9354-859DC3CFAFD4}.REL_SDK17|Any CPU.ActiveCfg = Release|Any CPU
		{A7BF1F9C-F18D-423E-9354-859DC3CFAFD4}.REL_SDK17|Any CPU.Build.0 = Release|Any CPU
		{32E44995-F621-4E77-B46A-8F65D64E7FEA}.DBG_SDK10|Any CPU.ActiveCfg = DBG_SDK10|Any CPU
		{32E44995-F621-4E77-B46A-8F65D64E7FEA}.DBG_SDK10|Any CPU.Build.0 = DBG_SDK10|Any CPU
		{32E44995-F621-4E77-B46A-8F65D64E7FEA}.DBG_SDK15|Any CPU.ActiveCfg = DBG_SDK15|Any CPU
		{32E44995-F621-4E77-B46A-8F65D64E7FEA}.DBG_SDK15|Any CPU.Build.0 = DBG_SDK15|Any CPU
		{32E44995-F621-4E77-B46A-8F65D64E7FEA}.DBG_SDK17|Any CPU.ActiveCfg = DBG_SDK17|Any CPU
		{32E44995-F621-4E77-B46A-8F65D64E7FEA}.DBG_SDK17|Any CPU.Build.0 = DBG_SDK17|Any CPU
		{32E44995-F621-4E77-B46A-8F65D64E7FEA}.REL_SDK10|Any CPU.ActiveCfg = REL_SDK10|Any CPU
		{32E44995-F621-4E77-B46A-8F65D64E7FEA}.REL_SDK10|Any CPU.Build.0 = REL_SDK10|Any CPU
		{32E44995-F621-4E77-B46A-8F65D64E7FEA}.REL_SDK15|Any CPU.ActiveCfg = REL_SDK15|Any CPU
		{32E44995-F621-4E77-B46A-8F65D64E7FEA}.REL_SDK15|Any CPU.Build.0 = REL_SDK15|Any CPU
		{32E44995-F621-4E77-B46A-8F65D64E7FEA}.REL_SDK17|Any CPU.ActiveCfg = REL_SDK17|Any CPU
		{32E44995-F621-4E77-B46A-8F65D64E7FEA}.REL_SDK17|Any CPU.Build.0 = REL_SDK17|Any CPU
		{C00D04E8-8101-42F5-89DA-CBAD205CC1D3}.DBG_SDK10|Any CPU.ActiveCfg = DBG_SDK10|Any CPU
		{C00D04E8-8101-42F5-89DA-CBAD205CC1D3}.DBG_SDK10|Any CPU.Build.0 = DBG_SDK10|Any CPU
		{C00D04E8-8101-42F5-89DA-CBAD205CC1D3}.DBG_SDK15|Any CPU.ActiveCfg = DBG_SDK15|Any CPU
		{C00D04E8-8101-42F5-89DA-CBAD205CC1D3}.DBG_SDK15|Any CPU.Build.0 = DBG_SDK15|Any CPU
		{C00D04E8-8101-42F5-89DA-CBAD205CC1D3}.DBG_SDK17|Any CPU.ActiveCfg = DBG_SDK17|Any CPU
		{C00D04E8-8101-42F5-89DA-CBAD205CC1D3}.DBG_SDK17|Any CPU.Build.0 = DBG_SDK17|Any CPU
		{C00D04E8-8101-42F5-89DA-CBAD205CC1D3}.REL_SDK10|Any CPU.ActiveCfg = REL_SDK10|Any CPU
		{C00D04E8-8101-42F5-89DA-CBAD205CC1D3}.REL_SDK10|Any CPU.Build.0 = REL_SDK10|Any CPU
		{C00D04E8-8101-42F5-89DA-CBAD205CC1D3}.REL_SDK15|Any CPU.ActiveCfg = REL_SDK15|Any CPU
		{C00D04E8-8101-42F5-89DA-CBAD205CC1D3}.REL_SDK15|Any CPU.Build.0 = REL_SDK15|Any CPU
		{C00D04E8-8101-42F5-89DA-CBAD205CC1D3}.REL_SDK17|Any CPU.ActiveCfg = REL_SDK17|Any CPU
		{C00D04E8-8101-42F5-89DA-CBAD205CC1D3}.REL_SDK17|Any CPU.Build.0 = REL_SDK17|Any CPU
		{73919171-44B6-4536-B892-F1FCA653887C}.DBG_SDK10|Any CPU.ActiveCfg = DBG_SDK10|Any CPU
		{73919171-44B6-4536-B892-F1FCA653887C}.DBG_SDK10|Any CPU.Build.0 = DBG_SDK10|Any CPU
		{73919171-44B6-4536-B892-F1FCA653887C}.DBG_SDK15|Any CPU.ActiveCfg = DBG_SDK15|Any CPU
		{73919171-44B6-4536-B892-F1FCA653887C}.DBG_SDK15|Any CPU.Build.0 = DBG_SDK15|Any CPU
		{73919171-44B6-4536-B892-F1FCA653887C}.DBG_SDK17|Any CPU.ActiveCfg = DBG_SDK17|Any CPU
		{73919171-44B6-4536-B892-F1FCA653887C}.DBG_SDK17|Any CPU.Build.0 = DBG_SDK17|Any CPU
		{73919171-44B6-4536-B892-F1FCA653887C}.REL_SDK10|Any CPU.ActiveCfg = REL_SDK10|Any CPU
		{73919171-44B6-4536-B892-F1FCA653887C}.REL_SDK10|Any CPU.Build.0 = REL_SDK10|Any CPU
		{73919171-44B6-4536-B892-F1FCA653887C}.REL_SDK15|Any CPU.ActiveCfg = REL_SDK15|Any CPU
		{73919171-44B6-4536-B892-F1FCA653887C}.REL_SDK15|Any CPU.Build.0 = REL_SDK15|Any CPU
		{73919171-44B6-4536-B892-F1FCA653887C}.REL_SDK17|Any CPU.ActiveCfg = REL_SDK17|Any CPU
		{73919171-44B6-4536-B892-F1FCA653887C}.REL_SDK17|Any CPU.Build.0 = REL_SDK17|Any CPU
		{56437CBB-4AE5-4405-B928-600009D60E2D}.DBG_SDK10|Any CPU.ActiveCfg = DBG_SDK10|Any CPU
		{56437CBB-4AE5-4405-B928-600009D60E2D}.DBG_SDK10|Any CPU.Build.0 = DBG_SDK10|Any CPU
		{56437CBB-4AE5-4405-B928-600009D60E2D}.DBG_SDK15|Any CPU.ActiveCfg = DBG_SDK15|Any CPU
		{56437CBB-4AE5-4405-B928-600009D60E2D}.DBG_SDK17|Any CPU.ActiveCfg = DBG_SDK17|Any CPU
		{56437CBB-4AE5-4405-B928-600009D60E2D}.REL_SDK10|Any CPU.ActiveCfg = REL_SDK10|Any CPU
		{56437CBB-4AE5-4405-B928-600009D60E2D}.REL_SDK10|Any CPU.Build.0 = REL_SDK10|Any CPU
		{56437CBB-4AE5-4405-B928-600009D60E2D}.REL_SDK15|Any CPU.ActiveCfg = REL_SDK15|Any CPU
		{56437CBB-4AE5-4405-B928-600009D60E2D}.REL_SDK17|Any CPU.ActiveCfg = REL_SDK17|Any CPU
		{97F0E2FF-42DB-4506-856D-8694DD99F827}.DBG_SDK10|Any CPU.ActiveCfg = DBG_SDK10|Any CPU
		{97F0E2FF-42DB-4506-856D-8694DD99F827}.DBG_SDK10|Any CPU.Build.0 = DBG_SDK10|Any CPU
		{97F0E2FF-42DB-4506-856D-8694DD99F827}.DBG_SDK15|Any CPU.ActiveCfg = DBG_SDK15|Any CPU
		{97F0E2FF-42DB-4506-856D-8694DD99F827}.DBG_SDK15|Any CPU.Build.0 = DBG_SDK15|Any CPU
		{97F0E2FF-42DB-4506-856D-8694DD99F827}.DBG_SDK17|Any CPU.ActiveCfg = DBG_SDK17|Any CPU
		{97F0E2FF-42DB-4506-856D-8694DD99F827}.DBG_SDK17|Any CPU.Build.0 = DBG_SDK17|Any CPU
		{97F0E2FF-42DB-4506-856D-8694DD99F827}.REL_SDK10|Any CPU.ActiveCfg = REL_SDK10|Any CPU
		{97F0E2FF-42DB-4506-856D-8694DD99F827}.REL_SDK10|Any CPU.Build.0 = REL_SDK10|Any CPU
		{97F0E2FF-42DB-4506-856D-8694DD99F827}.REL_SDK15|Any CPU.ActiveCfg = REL_SDK15|Any CPU
		{97F0E2FF-42DB-4506-856D-8694DD99F827}.REL_SDK15|Any CPU.Build.0 = REL_SDK15|Any CPU
		{97F0E2FF-42DB-4506-856D-8694DD99F827}.REL_SDK17|Any CPU.ActiveCfg = REL_SDK17|Any CPU
		{97F0E2FF-42DB-4506-856D-8694DD99F827}.REL_SDK17|Any CPU.Build.0 = REL_SDK17|Any CPU
		{4F8BB8CD-1116-4F07-9B8F-06D69FB8589B}.DBG_SDK10|Any CPU.ActiveCfg = DBG_SDK10|Any CPU
		{4F8BB8CD-1116-4F07-9B8F-06D69FB8589B}.DBG_SDK10|Any CPU.Build.0 = DBG_SDK10|Any CPU
		{4F8BB8CD-1116-4F07-9B8F-06D69FB8589B}.DBG_SDK15|Any CPU.ActiveCfg = DBG_SDK15|Any CPU
		{4F8BB8CD-1116-4F07-9B8F-06D69FB8589B}.DBG_SDK15|Any CPU.Build.0 = DBG_SDK15|Any CPU
		{4F8BB8CD-1116-4F07-9B8F-06D69FB8589B}.DBG_SDK17|Any CPU.ActiveCfg = DBG_SDK17|Any CPU
		{4F8BB8CD-1116-4F07-9B8F-06D69FB8589B}.DBG_SDK17|Any CPU.Build.0 = DBG_SDK17|Any CPU
		{4F8BB8CD-1116-4F07-9B8F-06D69FB8589B}.REL_SDK10|Any CPU.ActiveCfg = REL_SDK10|Any CPU
		{4F8BB8CD-1116-4F07-9B8F-06D69FB8589B}.REL_SDK10|Any CPU.Build.0 = REL_SDK10|Any CPU
		{4F8BB8CD-1116-4F07-9B8F-06D69FB8589B}.REL_SDK15|Any CPU.ActiveCfg = REL_SDK15|Any CPU
		{4F8BB8CD-1116-4F07-9B8F-06D69FB8589B}.REL_SDK15|Any CPU.Build.0 = REL_SDK15|Any CPU
		{4F8BB8CD-1116-4F07-9B8F-06D69FB8589B}.REL_SDK17|Any CPU.ActiveCfg = REL_SDK17|Any CPU
		{4F8BB8CD-1116-4F07-9B8F-06D69FB8589B}.REL_SDK17|Any CPU.Build.0 = REL_SDK17|Any CPU
		{9673A8FC-07E1-4BB3-A97E-020481A5275E}.DBG_SDK10|Any CPU.ActiveCfg = DBG_SDK10|Any CPU
		{9673A8FC-07E1-4BB3-A97E-020481A5275E}.DBG_SDK10|Any CPU.Build.0 = DBG_SDK10|Any CPU
		{9673A8FC-07E1-4BB3-A97E-020481A5275E}.DBG_SDK15|Any CPU.ActiveCfg = DBG_SDK15|Any CPU
		{9673A8FC-07E1-4BB3-A97E-020481A5275E}.DBG_SDK15|Any CPU.Build.0 = DBG_SDK15|Any CPU
		{9673A8FC-07E1-4BB3-A97E-020481A5275E}.DBG_SDK17|Any CPU.ActiveCfg = DBG_SDK17|Any CPU
		{9673A8FC-07E1-4BB3-A97E-020481A5275E}.DBG_SDK17|Any CPU.Build.0 = DBG_SDK17|Any CPU
		{9673A8FC-07E1-4BB3-A97E-020481A5275E}.REL_SDK10|Any CPU.ActiveCfg = REL_SDK10|Any CPU
		{9673A8FC-07E1-4BB3-A97E-020481A5275E}.REL_SDK10|Any CPU.Build.0 = REL_SDK10|Any CPU
		{9673A8FC-07E1-4BB3-A97E-020481A5275E}.REL_SDK15|Any CPU.ActiveCfg = REL_SDK15|Any CPU
		{9673A8FC-07E1-4BB3-A97E-020481A5275E}.REL_SDK15|Any CPU.Build.0 = REL_SDK15|Any CPU
		{9673A8FC-07E1-4BB3-A97E-020481A5275E}.REL_SDK17|Any CPU.ActiveCfg = REL_SDK17|Any CPU
		{9673A8FC-07E1-4BB3-A97E-020481A5275E}.REL_SDK17|Any CPU.Build.0 = REL_SDK17|Any CPU
		{F905DFB2-2E67-4FF7-9001-924F6F2D645D}.DBG_SDK10|Any CPU.ActiveCfg = Debug|Any CPU
		{F905DFB2-2E67-4FF7-9001-924F6F2D645D}.DBG_SDK10|Any CPU.Build.0 = Debug|Any CPU
		{F905DFB2-2E67-4FF7-9001-924F6F2D645D}.DBG_SDK15|Any CPU.ActiveCfg = Debug|Any CPU
		{F905DFB2-2E67-4FF7-9001-924F6F2D645D}.DBG_SDK15|Any CPU.Build.0 = Debug|Any CPU
		{F905DFB2-2E67-4FF7-9001-924F6F2D645D}.DBG_SDK17|Any CPU.ActiveCfg = Debug|Any CPU
		{F905DFB2-2E67-4FF7-9001-924F6F2D645D}.DBG_SDK17|Any CPU.Build.0 = Debug|Any CPU
		{F905DFB2-2E67-4FF7-9001-924F6F2D645D}.REL_SDK10|Any CPU.ActiveCfg = Release|Any CPU
		{F905DFB2-2E67-4FF7-9001-924F6F2D645D}.REL_SDK10|Any CPU.Build.0 = Release|Any CPU
		{F905DFB2-2E67-4FF7-9001-924F6F2D645D}.REL_SDK15|Any CPU.ActiveCfg = Release|Any CPU
		{F905DFB2-2E67-4FF7-9001-924F6F2D645D}.REL_SDK15|Any CPU.Build.0 = Release|Any CPU
		{F905DFB2-2E67-4FF7-9001-924F6F2D645D}.REL_SDK17|Any CPU.ActiveCfg = Release|Any CPU
		{F905DFB2-2E67-4FF7-9001-924F6F2D645D}.REL_SDK17|Any CPU.Build.0 = Release|Any CPU
		{EC0CA220-39EC-41E5-B9D6-88D8F860F979}.DBG_SDK10|Any CPU.ActiveCfg = Debug|Any CPU
		{EC0CA220-39EC-41E5-B9D6-88D8F860F979}.DBG_SDK10|Any CPU.Build.0 = Debug|Any CPU
		{EC0CA220-39EC-41E5-B9D6-88D8F860F979}.DBG_SDK15|Any CPU.ActiveCfg = Debug|Any CPU
		{EC0CA220-39EC-41E5-B9D6-88D8F860F979}.DBG_SDK15|Any CPU.Build.0 = Debug|Any CPU
		{EC0CA220-39EC-41E5-B9D6-88D8F860F979}.DBG_SDK17|Any CPU.ActiveCfg = Debug|Any CPU
		{EC0CA220-39EC-41E5-B9D6-88D8F860F979}.DBG_SDK17|Any CPU.Build.0 = Debug|Any CPU
		{EC0CA220-39EC-41E5-B9D6-88D8F860F979}.REL_SDK10|Any CPU.ActiveCfg = Release|Any CPU
		{EC0CA220-39EC-41E5-B9D6-88D8F860F979}.REL_SDK10|Any CPU.Build.0 = Release|Any CPU
		{EC0CA220-39EC-41E5-B9D6-88D8F860F979}.REL_SDK15|Any CPU.ActiveCfg = Release|Any CPU
		{EC0CA220-39EC-41E5-B9D6-88D8F860F979}.REL_SDK15|Any CPU.Build.0 = Release|Any CPU
		{EC0CA220-39EC-41E5-B9D6-88D8F860F979}.REL_SDK17|Any CPU.ActiveCfg = Release|Any CPU
		{EC0CA220-39EC-41E5-B9D6-88D8F860F979}.REL_SDK17|Any CPU.Build.0 = Release|Any CPU
		{4535CDA1-84A0-454B-8024-B43E5FF60C14}.DBG_SDK10|Any CPU.ActiveCfg = DBG_SDK10|Any CPU
		{4535CDA1-84A0-454B-8024-B43E5FF60C14}.DBG_SDK10|Any CPU.Build.0 = DBG_SDK10|Any CPU
		{4535CDA1-84A0-454B-8024-B43E5FF60C14}.DBG_SDK15|Any CPU.ActiveCfg = DBG_SDK15|Any CPU
		{4535CDA1-84A0-454B-8024-B43E5FF60C14}.DBG_SDK15|Any CPU.Build.0 = DBG_SDK15|Any CPU
		{4535CDA1-84A0-454B-8024-B43E5FF60C14}.DBG_SDK17|Any CPU.ActiveCfg = DBG_SDK17|Any CPU
		{4535CDA1-84A0-454B-8024-B43E5FF60C14}.DBG_SDK17|Any CPU.Build.0 = DBG_SDK17|Any CPU
		{4535CDA1-84A0-454B-8024-B43E5FF60C14}.REL_SDK10|Any CPU.ActiveCfg = REL_SDK10|Any CPU
		{4535CDA1-84A0-454B-8024-B43E5FF60C14}.REL_SDK10|Any CPU.Build.0 = REL_SDK10|Any CPU
		{4535CDA1-84A0-454B-8024-B43E5FF60C14}.REL_SDK15|Any CPU.ActiveCfg = REL_SDK15|Any CPU
		{4535CDA1-84A0-454B-8024-B43E5FF60C14}.REL_SDK15|Any CPU.Build.0 = REL_SDK15|Any CPU
		{4535CDA1-84A0-454B-8024-B43E5FF60C14}.REL_SDK17|Any CPU.ActiveCfg = REL_SDK17|Any CPU
		{4535CDA1-84A0-454B-8024-B43E5FF60C14}.REL_SDK17|Any CPU.Build.0 = REL_SDK17|Any CPU
		{2D581D12-4D3B-4634-8994-AB7696631EEA}.DBG_SDK10|Any CPU.ActiveCfg = DBG_SDK10|Any CPU
		{2D581D12-4D3B-4634-8994-AB7696631EEA}.DBG_SDK10|Any CPU.Build.0 = DBG_SDK10|Any CPU
		{2D581D12-4D3B-4634-8994-AB7696631EEA}.DBG_SDK15|Any CPU.ActiveCfg = DBG_SDK15|Any CPU
		{2D581D12-4D3B-4634-8994-AB7696631EEA}.DBG_SDK15|Any CPU.Build.0 = DBG_SDK15|Any CPU
		{2D581D12-4D3B-4634-8994-AB7696631EEA}.DBG_SDK17|Any CPU.ActiveCfg = DBG_SDK17|Any CPU
		{2D581D12-4D3B-4634-8994-AB7696631EEA}.DBG_SDK17|Any CPU.Build.0 = DBG_SDK17|Any CPU
		{2D581D12-4D3B-4634-8994-AB7696631EEA}.REL_SDK10|Any CPU.ActiveCfg = REL_SDK10|Any CPU
		{2D581D12-4D3B-4634-8994-AB7696631EEA}.REL_SDK10|Any CPU.Build.0 = REL_SDK10|Any CPU
		{2D581D12-4D3B-4634-8994-AB7696631EEA}.REL_SDK15|Any CPU.ActiveCfg = REL_SDK15|Any CPU
		{2D581D12-4D3B-4634-8994-AB7696631EEA}.REL_SDK15|Any CPU.Build.0 = REL_SDK15|Any CPU
		{2D581D12-4D3B-4634-8994-AB7696631EEA}.REL_SDK17|Any CPU.ActiveCfg = REL_SDK17|Any CPU
		{2D581D12-4D3B-4634-8994-AB7696631EEA}.REL_SDK17|Any CPU.Build.0 = REL_SDK17|Any CPU
		{D1BAAEDF-56B7-449D-A54A-6DD0E0865794}.DBG_SDK10|Any CPU.ActiveCfg = DBG_SDK10|Any CPU
		{D1BAAEDF-56B7-449D-A54A-6DD0E0865794}.DBG_SDK10|Any CPU.Build.0 = DBG_SDK10|Any CPU
		{D1BAAEDF-56B7-449D-A54A-6DD0E0865794}.DBG_SDK15|Any CPU.ActiveCfg = DBG_SDK15|Any CPU
		{D1BAAEDF-56B7-449D-A54A-6DD0E0865794}.DBG_SDK15|Any CPU.Build.0 = DBG_SDK15|Any CPU
		{D1BAAEDF-56B7-449D-A54A-6DD0E0865794}.DBG_SDK17|Any CPU.ActiveCfg = DBG_SDK17|Any CPU
		{D1BAAEDF-56B7-449D-A54A-6DD0E0865794}.DBG_SDK17|Any CPU.Build.0 = DBG_SDK17|Any CPU
		{D1BAAEDF-56B7-449D-A54A-6DD0E0865794}.REL_SDK10|Any CPU.ActiveCfg = REL_SDK10|Any CPU
		{D1BAAEDF-56B7-449D-A54A-6DD0E0865794}.REL_SDK10|Any CPU.Build.0 = REL_SDK10|Any CPU
		{D1BAAEDF-56B7-449D-A54A-6DD0E0865794}.REL_SDK15|Any CPU.ActiveCfg = REL_SDK15|Any CPU
		{D1BAAEDF-56B7-449D-A54A-6DD0E0865794}.REL_SDK15|Any CPU.Build.0 = REL_SDK15|Any CPU
		{D1BAAEDF-56B7-449D-A54A-6DD0E0865794}.REL_SDK17|Any CPU.ActiveCfg = REL_SDK17|Any CPU
		{D1BAAEDF-56B7-449D-A54A-6DD0E0865794}.REL_SDK17|Any CPU.Build.0 = REL_SDK17|Any CPU
		{8C63F705-865E-4E0D-9D8F-A94447572E88}.DBG_SDK10|Any CPU.ActiveCfg = DBG_SDK10|Any CPU
		{8C63F705-865E-4E0D-9D8F-A94447572E88}.DBG_SDK10|Any CPU.Build.0 = DBG_SDK10|Any CPU
		{8C63F705-865E-4E0D-9D8F-A94447572E88}.DBG_SDK15|Any CPU.ActiveCfg = DBG_SDK15|Any CPU
		{8C63F705-865E-4E0D-9D8F-A94447572E88}.DBG_SDK15|Any CPU.Build.0 = DBG_SDK15|Any CPU
		{8C63F705-865E-4E0D-9D8F-A94447572E88}.DBG_SDK17|Any CPU.ActiveCfg = DBG_SDK17|Any CPU
		{8C63F705-865E-4E0D-9D8F-A94447572E88}.DBG_SDK17|Any CPU.Build.0 = DBG_SDK17|Any CPU
		{8C63F705-865E-4E0D-9D8F-A94447572E88}.REL_SDK10|Any CPU.ActiveCfg = REL_SDK10|Any CPU
		{8C63F705-865E-4E0D-9D8F-A94447572E88}.REL_SDK10|Any CPU.Build.0 = REL_SDK10|Any CPU
		{8C63F705-865E-4E0D-9D8F-A94447572E88}.REL_SDK15|Any CPU.ActiveCfg = REL_SDK15|Any CPU
		{8C63F705-865E-4E0D-9D8F-A94447572E88}.REL_SDK15|Any CPU.Build.0 = REL_SDK15|Any CPU
		{8C63F705-865E-4E0D-9D8F-A94447572E88}.REL_SDK17|Any CPU.ActiveCfg = REL_SDK17|Any CPU
		{8C63F705-865E-4E0D-9D8F-A94447572E88}.REL_SDK17|Any CPU.Build.0 = REL_SDK17|Any CPU
		{E94B649F-E06B-4F2A-9A81-4F2277AA3C4C}.DBG_SDK10|Any CPU.ActiveCfg = DBG_SDK10|Any CPU
		{E94B649F-E06B-4F2A-9A81-4F2277AA3C4C}.DBG_SDK10|Any CPU.Build.0 = DBG_SDK10|Any CPU
		{E94B649F-E06B-4F2A-9A81-4F2277AA3C4C}.DBG_SDK15|Any CPU.ActiveCfg = DBG_SDK15|Any CPU
		{E94B649F-E06B-4F2A-9A81-4F2277AA3C4C}.DBG_SDK15|Any CPU.Build.0 = DBG_SDK15|Any CPU
		{E94B649F-E06B-4F2A-9A81-4F2277AA3C4C}.DBG_SDK17|Any CPU.ActiveCfg = DBG_SDK17|Any CPU
		{E94B649F-E06B-4F2A-9A81-4F2277AA3C4C}.DBG_SDK17|Any CPU.Build.0 = DBG_SDK17|Any CPU
		{E94B649F-E06B-4F2A-9A81-4F2277AA3C4C}.REL_SDK10|Any CPU.ActiveCfg = REL_SDK10|Any CPU
		{E94B649F-E06B-4F2A-9A81-4F2277AA3C4C}.REL_SDK10|Any CPU.Build.0 = REL_SDK10|Any CPU
		{E94B649F-E06B-4F2A-9A81-4F2277AA3C4C}.REL_SDK15|Any CPU.ActiveCfg = REL_SDK15|Any CPU
		{E94B649F-E06B-4F2A-9A81-4F2277AA3C4C}.REL_SDK15|Any CPU.Build.0 = REL_SDK15|Any CPU
		{E94B649F-E06B-4F2A-9A81-4F2277AA3C4C}.REL_SDK17|Any CPU.ActiveCfg = REL_SDK17|Any CPU
		{E94B649F-E06B-4F2A-9A81-4F2277AA3C4C}.REL_SDK17|Any CPU.Build.0 = REL_SDK17|Any CPU
		{5C6C3DAA-4D11-4625-AC42-91E7427465E9}.DBG_SDK10|Any CPU.ActiveCfg = DBG_SDK10|Any CPU
		{5C6C3DAA-4D11-4625-AC42-91E7427465E9}.DBG_SDK10|Any CPU.Build.0 = DBG_SDK10|Any CPU
		{5C6C3DAA-4D11-4625-AC42-91E7427465E9}.DBG_SDK15|Any CPU.ActiveCfg = DBG_SDK15|Any CPU
		{5C6C3DAA-4D11-4625-AC42-91E7427465E9}.DBG_SDK15|Any CPU.Build.0 = DBG_SDK15|Any CPU
		{5C6C3DAA-4D11-4625-AC42-91E7427465E9}.DBG_SDK17|Any CPU.ActiveCfg = DBG_SDK17|Any CPU
		{5C6C3DAA-4D11-4625-AC42-91E7427465E9}.DBG_SDK17|Any CPU.Build.0 = DBG_SDK17|Any CPU
		{5C6C3DAA-4D11-4625-AC42-91E7427465E9}.REL_SDK10|Any CPU.ActiveCfg = REL_SDK10|Any CPU
		{5C6C3DAA-4D11-4625-AC42-91E7427465E9}.REL_SDK10|Any CPU.Build.0 = REL_SDK10|Any CPU
		{5C6C3DAA-4D11-4625-AC42-91E7427465E9}.REL_SDK15|Any CPU.ActiveCfg = REL_SDK15|Any CPU
		{5C6C3DAA-4D11-4625-AC42-91E7427465E9}.REL_SDK15|Any CPU.Build.0 = REL_SDK15|Any CPU
		{5C6C3DAA-4D11-4625-AC42-91E7427465E9}.REL_SDK17|Any CPU.ActiveCfg = REL_SDK17|Any CPU
		{5C6C3DAA-4D11-4625-AC42-91E7427465E9}.REL_SDK17|Any CPU.Build.0 = REL_SDK17|Any CPU
		{424FF98E-9A4C-4132-9BC2-EE44A091FDFC}.DBG_SDK10|Any CPU.ActiveCfg = DBG_SDK10|Any CPU
		{424FF98E-9A4C-4132-9BC2-EE44A091FDFC}.DBG_SDK10|Any CPU.Build.0 = DBG_SDK10|Any CPU
		{424FF98E-9A4C-4132-9BC2-EE44A091FDFC}.DBG_SDK15|Any CPU.ActiveCfg = DBG_SDK15|Any CPU
		{424FF98E-9A4C-4132-9BC2-EE44A091FDFC}.DBG_SDK15|Any CPU.Build.0 = DBG_SDK15|Any CPU
		{424FF98E-9A4C-4132-9BC2-EE44A091FDFC}.DBG_SDK17|Any CPU.ActiveCfg = DBG_SDK17|Any CPU
		{424FF98E-9A4C-4132-9BC2-EE44A091FDFC}.DBG_SDK17|Any CPU.Build.0 = DBG_SDK17|Any CPU
		{424FF98E-9A4C-4132-9BC2-EE44A091FDFC}.REL_SDK10|Any CPU.ActiveCfg = REL_SDK10|Any CPU
		{424FF98E-9A4C-4132-9BC2-EE44A091FDFC}.REL_SDK10|Any CPU.Build.0 = REL_SDK10|Any CPU
		{424FF98E-9A4C-4132-9BC2-EE44A091FDFC}.REL_SDK15|Any CPU.ActiveCfg = REL_SDK15|Any CPU
		{424FF98E-9A4C-4132-9BC2-EE44A091FDFC}.REL_SDK15|Any CPU.Build.0 = REL_SDK15|Any CPU
		{424FF98E-9A4C-4132-9BC2-EE44A091FDFC}.REL_SDK17|Any CPU.ActiveCfg = REL_SDK17|Any CPU
		{424FF98E-9A4C-4132-9BC2-EE44A091FDFC}.REL_SDK17|Any CPU.Build.0 = REL_SDK17|Any CPU
		{975A347D-EC1A-43A5-BA62-E98BFA3BACB1}.DBG_SDK10|Any CPU.ActiveCfg = DBG_SDK10|Any CPU
		{975A347D-EC1A-43A5-BA62-E98BFA3BACB1}.DBG_SDK10|Any CPU.Build.0 = DBG_SDK10|Any CPU
		{975A347D-EC1A-43A5-BA62-E98BFA3BACB1}.DBG_SDK15|Any CPU.ActiveCfg = DBG_SDK15|Any CPU
		{975A347D-EC1A-43A5-BA62-E98BFA3BACB1}.DBG_SDK15|Any CPU.Build.0 = DBG_SDK15|Any CPU
		{975A347D-EC1A-43A5-BA62-E98BFA3BACB1}.DBG_SDK17|Any CPU.ActiveCfg = DBG_SDK17|Any CPU
		{975A347D-EC1A-43A5-BA62-E98BFA3BACB1}.DBG_SDK17|Any CPU.Build.0 = DBG_SDK17|Any CPU
		{975A347D-EC1A-43A5-BA62-E98BFA3BACB1}.REL_SDK10|Any CPU.ActiveCfg = REL_SDK10|Any CPU
		{975A347D-EC1A-43A5-BA62-E98BFA3BACB1}.REL_SDK10|Any CPU.Build.0 = REL_SDK10|Any CPU
		{975A347D-EC1A-43A5-BA62-E98BFA3BACB1}.REL_SDK15|Any CPU.ActiveCfg = REL_SDK15|Any CPU
		{975A347D-EC1A-43A5-BA62-E98BFA3BACB1}.REL_SDK15|Any CPU.Build.0 = REL_SDK15|Any CPU
		{975A347D-EC1A-43A5-BA62-E98BFA3BACB1}.REL_SDK17|Any CPU.ActiveCfg = REL_SDK17|Any CPU
		{975A347D-EC1A-43A5-BA62-E98BFA3BACB1}.REL_SDK17|Any CPU.Build.0 = REL_SDK17|Any CPU
		{E6A9E109-E2C3-416A-B1CC-419C15517FBD}.DBG_SDK10|Any CPU.ActiveCfg = DBG_SDK10|Any CPU
		{E6A9E109-E2C3-416A-B1CC-419C15517FBD}.DBG_SDK10|Any CPU.Build.0 = DBG_SDK10|Any CPU
		{E6A9E109-E2C3-416A-B1CC-419C15517FBD}.DBG_SDK15|Any CPU.ActiveCfg = DBG_SDK15|Any CPU
		{E6A9E109-E2C3-416A-B1CC-419C15517FBD}.DBG_SDK15|Any CPU.Build.0 = DBG_SDK15|Any CPU
		{E6A9E109-E2C3-416A-B1CC-419C15517FBD}.DBG_SDK17|Any CPU.ActiveCfg = DBG_SDK17|Any CPU
		{E6A9E109-E2C3-416A-B1CC-419C15517FBD}.DBG_SDK17|Any CPU.Build.0 = DBG_SDK17|Any CPU
		{E6A9E109-E2C3-416A-B1CC-419C15517FBD}.REL_SDK10|Any CPU.ActiveCfg = REL_SDK10|Any CPU
		{E6A9E109-E2C3-416A-B1CC-419C15517FBD}.REL_SDK10|Any CPU.Build.0 = REL_SDK10|Any CPU
		{E6A9E109-E2C3-416A-B1CC-419C15517FBD}.REL_SDK15|Any CPU.ActiveCfg = REL_SDK15|Any CPU
		{E6A9E109-E2C3-416A-B1CC-419C15517FBD}.REL_SDK15|Any CPU.Build.0 = REL_SDK15|Any CPU
		{E6A9E109-E2C3-416A-B1CC-419C15517FBD}.REL_SDK17|Any CPU.ActiveCfg = REL_SDK17|Any CPU
		{E6A9E109-E2C3-416A-B1CC-419C15517FBD}.REL_SDK17|Any CPU.Build.0 = REL_SDK17|Any CPU
		{5B6119E8-149A-4951-A38B-3FCCCF6989B0}.DBG_SDK10|Any CPU.ActiveCfg = DBG_SDK10|Any CPU
		{5B6119E8-149A-4951-A38B-3FCCCF6989B0}.DBG_SDK10|Any CPU.Build.0 = DBG_SDK10|Any CPU
		{5B6119E8-149A-4951-A38B-3FCCCF6989B0}.DBG_SDK15|Any CPU.ActiveCfg = DBG_SDK15|Any CPU
		{5B6119E8-149A-4951-A38B-3FCCCF6989B0}.DBG_SDK15|Any CPU.Build.0 = DBG_SDK15|Any CPU
		{5B6119E8-149A-4951-A38B-3FCCCF6989B0}.DBG_SDK17|Any CPU.ActiveCfg = DBG_SDK17|Any CPU
		{5B6119E8-149A-4951-A38B-3FCCCF6989B0}.DBG_SDK17|Any CPU.Build.0 = DBG_SDK17|Any CPU
		{5B6119E8-149A-4951-A38B-3FCCCF6989B0}.REL_SDK10|Any CPU.ActiveCfg = REL_SDK10|Any CPU
		{5B6119E8-149A-4951-A38B-3FCCCF6989B0}.REL_SDK10|Any CPU.Build.0 = REL_SDK10|Any CPU
		{5B6119E8-149A-4951-A38B-3FCCCF6989B0}.REL_SDK15|Any CPU.ActiveCfg = REL_SDK15|Any CPU
		{5B6119E8-149A-4951-A38B-3FCCCF6989B0}.REL_SDK15|Any CPU.Build.0 = REL_SDK15|Any CPU
		{5B6119E8-149A-4951-A38B-3FCCCF6989B0}.REL_SDK17|Any CPU.ActiveCfg = REL_SDK17|Any CPU
		{5B6119E8-149A-4951-A38B-3FCCCF6989B0}.REL_SDK17|Any CPU.Build.0 = REL_SDK17|Any CPU
		{9E29090D-2C2D-441F-93A8-D5B2B144689B}.DBG_SDK10|Any CPU.ActiveCfg = DBG_SDK10|Any CPU
		{9E29090D-2C2D-441F-93A8-D5B2B144689B}.DBG_SDK10|Any CPU.Build.0 = DBG_SDK10|Any CPU
		{9E29090D-2C2D-441F-93A8-D5B2B144689B}.DBG_SDK15|Any CPU.ActiveCfg = DBG_SDK15|Any CPU
		{9E29090D-2C2D-441F-93A8-D5B2B144689B}.DBG_SDK15|Any CPU.Build.0 = DBG_SDK15|Any CPU
		{9E29090D-2C2D-441F-93A8-D5B2B144689B}.DBG_SDK17|Any CPU.ActiveCfg = DBG_SDK17|Any CPU
		{9E29090D-2C2D-441F-93A8-D5B2B144689B}.DBG_SDK17|Any CPU.Build.0 = DBG_SDK17|Any CPU
		{9E29090D-2C2D-441F-93A8-D5B2B144689B}.REL_SDK10|Any CPU.ActiveCfg = REL_SDK10|Any CPU
		{9E29090D-2C2D-441F-93A8-D5B2B144689B}.REL_SDK10|Any CPU.Build.0 = REL_SDK10|Any CPU
		{9E29090D-2C2D-441F-93A8-D5B2B144689B}.REL_SDK15|Any CPU.ActiveCfg = REL_SDK15|Any CPU
		{9E29090D-2C2D-441F-93A8-D5B2B144689B}.REL_SDK15|Any CPU.Build.0 = REL_SDK15|Any CPU
		{9E29090D-2C2D-441F-93A8-D5B2B144689B}.REL_SDK17|Any CPU.ActiveCfg = REL_SDK17|Any CPU
		{9E29090D-2C2D-441F-93A8-D5B2B144689B}.REL_SDK17|Any CPU.Build.0 = REL_SDK17|Any CPU
		{8F978F46-F753-4B9B-A1B9-A45D1055A7FA}.DBG_SDK10|Any CPU.ActiveCfg = DBG_SDK10|Any CPU
		{8F978F46-F753-4B9B-A1B9-A45D1055A7FA}.DBG_SDK10|Any CPU.Build.0 = DBG_SDK10|Any CPU
		{8F978F46-F753-4B9B-A1B9-A45D1055A7FA}.DBG_SDK15|Any CPU.ActiveCfg = DBG_SDK15|Any CPU
		{8F978F46-F753-4B9B-A1B9-A45D1055A7FA}.DBG_SDK15|Any CPU.Build.0 = DBG_SDK15|Any CPU
		{8F978F46-F753-4B9B-A1B9-A45D1055A7FA}.DBG_SDK17|Any CPU.ActiveCfg = DBG_SDK17|Any CPU
		{8F978F46-F753-4B9B-A1B9-A45D1055A7FA}.DBG_SDK17|Any CPU.Build.0 = DBG_SDK17|Any CPU
		{8F978F46-F753-4B9B-A1B9-A45D1055A7FA}.REL_SDK10|Any CPU.ActiveCfg = REL_SDK10|Any CPU
		{8F978F46-F753-4B9B-A1B9-A45D1055A7FA}.REL_SDK10|Any CPU.Build.0 = REL_SDK10|Any CPU
		{8F978F46-F753-4B9B-A1B9-A45D1055A7FA}.REL_SDK15|Any CPU.ActiveCfg = REL_SDK15|Any CPU
		{8F978F46-F753-4B9B-A1B9-A45D1055A7FA}.REL_SDK15|Any CPU.Build.0 = REL_SDK15|Any CPU
		{8F978F46-F753-4B9B-A1B9-A45D1055A7FA}.REL_SDK17|Any CPU.ActiveCfg = REL_SDK17|Any CPU
		{8F978F46-F753-4B9B-A1B9-A45D1055A7FA}.REL_SDK17|Any CPU.Build.0 = REL_SDK17|Any CPU
		{1024A7F4-F1DB-4E72-82F9-7147106DD68A}.DBG_SDK10|Any CPU.ActiveCfg = DBG_SDK10|Any CPU
		{1024A7F4-F1DB-4E72-82F9-7147106DD68A}.DBG_SDK10|Any CPU.Build.0 = DBG_SDK10|Any CPU
		{1024A7F4-F1DB-4E72-82F9-7147106DD68A}.DBG_SDK15|Any CPU.ActiveCfg = DBG_SDK15|Any CPU
		{1024A7F4-F1DB-4E72-82F9-7147106DD68A}.DBG_SDK15|Any CPU.Build.0 = DBG_SDK15|Any CPU
		{1024A7F4-F1DB-4E72-82F9-7147106DD68A}.DBG_SDK17|Any CPU.ActiveCfg = DBG_SDK17|Any CPU
		{1024A7F4-F1DB-4E72-82F9-7147106DD68A}.DBG_SDK17|Any CPU.Build.0 = DBG_SDK17|Any CPU
		{1024A7F4-F1DB-4E72-82F9-7147106DD68A}.REL_SDK10|Any CPU.ActiveCfg = REL_SDK10|Any CPU
		{1024A7F4-F1DB-4E72-82F9-7147106DD68A}.REL_SDK10|Any CPU.Build.0 = REL_SDK10|Any CPU
		{1024A7F4-F1DB-4E72-82F9-7147106DD68A}.REL_SDK15|Any CPU.ActiveCfg = REL_SDK15|Any CPU
		{1024A7F4-F1DB-4E72-82F9-7147106DD68A}.REL_SDK15|Any CPU.Build.0 = REL_SDK15|Any CPU
		{1024A7F4-F1DB-4E72-82F9-7147106DD68A}.REL_SDK17|Any CPU.ActiveCfg = REL_SDK17|Any CPU
		{1024A7F4-F1DB-4E72-82F9-7147106DD68A}.REL_SDK17|Any CPU.Build.0 = REL_SDK17|Any CPU
		{CA7593EC-5AAE-4403-A884-C939C2BB5A4F}.DBG_SDK10|Any CPU.ActiveCfg = DBG_SDK10|Any CPU
		{CA7593EC-5AAE-4403-A884-C939C2BB5A4F}.DBG_SDK10|Any CPU.Build.0 = DBG_SDK10|Any CPU
		{CA7593EC-5AAE-4403-A884-C939C2BB5A4F}.DBG_SDK15|Any CPU.ActiveCfg = DBG_SDK15|Any CPU
		{CA7593EC-5AAE-4403-A884-C939C2BB5A4F}.DBG_SDK15|Any CPU.Build.0 = DBG_SDK15|Any CPU
		{CA7593EC-5AAE-4403-A884-C939C2BB5A4F}.DBG_SDK17|Any CPU.ActiveCfg = DBG_SDK17|Any CPU
		{CA7593EC-5AAE-4403-A884-C939C2BB5A4F}.DBG_SDK17|Any CPU.Build.0 = DBG_SDK17|Any CPU
		{CA7593EC-5AAE-4403-A884-C939C2BB5A4F}.REL_SDK10|Any CPU.ActiveCfg = REL_SDK10|Any CPU
		{CA7593EC-5AAE-4403-A884-C939C2BB5A4F}.REL_SDK10|Any CPU.Build.0 = REL_SDK10|Any CPU
		{CA7593EC-5AAE-4403-A884-C939C2BB5A4F}.REL_SDK15|Any CPU.ActiveCfg = REL_SDK15|Any CPU
		{CA7593EC-5AAE-4403-A884-C939C2BB5A4F}.REL_SDK15|Any CPU.Build.0 = REL_SDK15|Any CPU
		{CA7593EC-5AAE-4403-A884-C939C2BB5A4F}.REL_SDK17|Any CPU.ActiveCfg = REL_SDK17|Any CPU
		{CA7593EC-5AAE-4403-A884-C939C2BB5A4F}.REL_SDK17|Any CPU.Build.0 = REL_SDK17|Any CPU
		{45494557-B2FE-4B18-AA1C-CF40E927A057}.DBG_SDK10|Any CPU.ActiveCfg = DBG_SDK10|Any CPU
		{45494557-B2FE-4B18-AA1C-CF40E927A057}.DBG_SDK10|Any CPU.Build.0 = DBG_SDK10|Any CPU
		{45494557-B2FE-4B18-AA1C-CF40E927A057}.DBG_SDK15|Any CPU.ActiveCfg = DBG_SDK15|Any CPU
		{45494557-B2FE-4B18-AA1C-CF40E927A057}.DBG_SDK15|Any CPU.Build.0 = DBG_SDK15|Any CPU
		{45494557-B2FE-4B18-AA1C-CF40E927A057}.DBG_SDK17|Any CPU.ActiveCfg = DBG_SDK17|Any CPU
		{45494557-B2FE-4B18-AA1C-CF40E927A057}.DBG_SDK17|Any CPU.Build.0 = DBG_SDK17|Any CPU
		{45494557-B2FE-4B18-AA1C-CF40E927A057}.REL_SDK10|Any CPU.ActiveCfg = REL_SDK10|Any CPU
		{45494557-B2FE-4B18-AA1C-CF40E927A057}.REL_SDK10|Any CPU.Build.0 = REL_SDK10|Any CPU
		{45494557-B2FE-4B18-AA1C-CF40E927A057}.REL_SDK15|Any CPU.ActiveCfg = REL_SDK15|Any CPU
		{45494557-B2FE-4B18-AA1C-CF40E927A057}.REL_SDK15|Any CPU.Build.0 = REL_SDK15|Any CPU
		{45494557-B2FE-4B18-AA1C-CF40E927A057}.REL_SDK17|Any CPU.ActiveCfg = REL_SDK17|Any CPU
		{45494557-B2FE-4B18-AA1C-CF40E927A057}.REL_SDK17|Any CPU.Build.0 = REL_SDK17|Any CPU
		{E975A4A3-08C9-4597-A246-C11319DCAF4C}.DBG_SDK10|Any CPU.ActiveCfg = DBG_SDK10|Any CPU
		{E975A4A3-08C9-4597-A246-C11319DCAF4C}.DBG_SDK10|Any CPU.Build.0 = DBG_SDK10|Any CPU
		{E975A4A3-08C9-4597-A246-C11319DCAF4C}.DBG_SDK15|Any CPU.ActiveCfg = DBG_SDK15|Any CPU
		{E975A4A3-08C9-4597-A246-C11319DCAF4C}.DBG_SDK15|Any CPU.Build.0 = DBG_SDK15|Any CPU
		{E975A4A3-08C9-4597-A246-C11319DCAF4C}.DBG_SDK17|Any CPU.ActiveCfg = DBG_SDK17|Any CPU
		{E975A4A3-08C9-4597-A246-C11319DCAF4C}.DBG_SDK17|Any CPU.Build.0 = DBG_SDK17|Any CPU
		{E975A4A3-08C9-4597-A246-C11319DCAF4C}.REL_SDK10|Any CPU.ActiveCfg = REL_SDK10|Any CPU
		{E975A4A3-08C9-4597-A246-C11319DCAF4C}.REL_SDK10|Any CPU.Build.0 = REL_SDK10|Any CPU
		{E975A4A3-08C9-4597-A246-C11319DCAF4C}.REL_SDK15|Any CPU.ActiveCfg = REL_SDK15|Any CPU
		{E975A4A3-08C9-4597-A246-C11319DCAF4C}.REL_SDK15|Any CPU.Build.0 = REL_SDK15|Any CPU
		{E975A4A3-08C9-4597-A246-C11319DCAF4C}.REL_SDK17|Any CPU.ActiveCfg = REL_SDK17|Any CPU
		{E975A4A3-08C9-4597-A246-C11319DCAF4C}.REL_SDK17|Any CPU.Build.0 = REL_SDK17|Any CPU
		{3CE895B6-2F7B-4A04-952A-839F235ED43E}.DBG_SDK10|Any CPU.ActiveCfg = DBG_SDK10|Any CPU
		{3CE895B6-2F7B-4A04-952A-839F235ED43E}.DBG_SDK10|Any CPU.Build.0 = DBG_SDK10|Any CPU
		{3CE895B6-2F7B-4A04-952A-839F235ED43E}.DBG_SDK15|Any CPU.ActiveCfg = DBG_SDK15|Any CPU
		{3CE895B6-2F7B-4A04-952A-839F235ED43E}.DBG_SDK15|Any CPU.Build.0 = DBG_SDK15|Any CPU
		{3CE895B6-2F7B-4A04-952A-839F235ED43E}.DBG_SDK17|Any CPU.ActiveCfg = DBG_SDK17|Any CPU
		{3CE895B6-2F7B-4A04-952A-839F235ED43E}.DBG_SDK17|Any CPU.Build.0 = DBG_SDK17|Any CPU
		{3CE895B6-2F7B-4A04-952A-839F235ED43E}.REL_SDK10|Any CPU.ActiveCfg = REL_SDK10|Any CPU
		{3CE895B6-2F7B-4A04-952A-839F235ED43E}.REL_SDK10|Any CPU.Build.0 = REL_SDK10|Any CPU
		{3CE895B6-2F7B-4A04-952A-839F235ED43E}.REL_SDK15|Any CPU.ActiveCfg = REL_SDK15|Any CPU
		{3CE895B6-2F7B-4A04-952A-839F235ED43E}.REL_SDK15|Any CPU.Build.0 = REL_SDK15|Any CPU
		{3CE895B6-2F7B-4A04-952A-839F235ED43E}.REL_SDK17|Any CPU.ActiveCfg = REL_SDK17|Any CPU
		{3CE895B6-2F7B-4A04-952A-839F235ED43E}.REL_SDK17|Any CPU.Build.0 = REL_SDK17|Any CPU
		{1CBD5BB8-EBDD-44A3-8BA8-99EAF56A045F}.DBG_SDK10|Any CPU.ActiveCfg = DBG_SDK10|Any CPU
		{1CBD5BB8-EBDD-44A3-8BA8-99EAF56A045F}.DBG_SDK10|Any CPU.Build.0 = DBG_SDK10|Any CPU
		{1CBD5BB8-EBDD-44A3-8BA8-99EAF56A045F}.DBG_SDK15|Any CPU.ActiveCfg = DBG_SDK15|Any CPU
		{1CBD5BB8-EBDD-44A3-8BA8-99EAF56A045F}.DBG_SDK15|Any CPU.Build.0 = DBG_SDK15|Any CPU
		{1CBD5BB8-EBDD-44A3-8BA8-99EAF56A045F}.DBG_SDK17|Any CPU.ActiveCfg = DBG_SDK17|Any CPU
		{1CBD5BB8-EBDD-44A3-8BA8-99EAF56A045F}.DBG_SDK17|Any CPU.Build.0 = DBG_SDK17|Any CPU
		{1CBD5BB8-EBDD-44A3-8BA8-99EAF56A045F}.REL_SDK10|Any CPU.ActiveCfg = REL_SDK10|Any CPU
		{1CBD5BB8-EBDD-44A3-8BA8-99EAF56A045F}.REL_SDK10|Any CPU.Build.0 = REL_SDK10|Any CPU
		{1CBD5BB8-EBDD-44A3-8BA8-99EAF56A045F}.REL_SDK15|Any CPU.ActiveCfg = REL_SDK15|Any CPU
		{1CBD5BB8-EBDD-44A3-8BA8-99EAF56A045F}.REL_SDK15|Any CPU.Build.0 = REL_SDK15|Any CPU
		{1CBD5BB8-EBDD-44A3-8BA8-99EAF56A045F}.REL_SDK17|Any CPU.ActiveCfg = REL_SDK17|Any CPU
		{1CBD5BB8-EBDD-44A3-8BA8-99EAF56A045F}.REL_SDK17|Any CPU.Build.0 = REL_SDK17|Any CPU
		{D63DA37D-E70A-4367-B89C-7BAB3B87049E}.DBG_SDK10|Any CPU.ActiveCfg = DBG_SDK10|Any CPU
		{D63DA37D-E70A-4367-B89C-7BAB3B87049E}.DBG_SDK10|Any CPU.Build.0 = DBG_SDK10|Any CPU
		{D63DA37D-E70A-4367-B89C-7BAB3B87049E}.DBG_SDK15|Any CPU.ActiveCfg = DBG_SDK15|Any CPU
		{D63DA37D-E70A-4367-B89C-7BAB3B87049E}.DBG_SDK15|Any CPU.Build.0 = DBG_SDK15|Any CPU
		{D63DA37D-E70A-4367-B89C-7BAB3B87049E}.DBG_SDK17|Any CPU.ActiveCfg = DBG_SDK17|Any CPU
		{D63DA37D-E70A-4367-B89C-7BAB3B87049E}.DBG_SDK17|Any CPU.Build.0 = DBG_SDK17|Any CPU
		{D63DA37D-E70A-4367-B89C-7BAB3B87049E}.REL_SDK10|Any CPU.ActiveCfg = REL_SDK10|Any CPU
		{D63DA37D-E70A-4367-B89C-7BAB3B87049E}.REL_SDK10|Any CPU.Build.0 = REL_SDK10|Any CPU
		{D63DA37D-E70A-4367-B89C-7BAB3B87049E}.REL_SDK15|Any CPU.ActiveCfg = REL_SDK15|Any CPU
		{D63DA37D-E70A-4367-B89C-7BAB3B87049E}.REL_SDK15|Any CPU.Build.0 = REL_SDK15|Any CPU
		{D63DA37D-E70A-4367-B89C-7BAB3B87049E}.REL_SDK17|Any CPU.ActiveCfg = REL_SDK17|Any CPU
		{D63DA37D-E70A-4367-B89C-7BAB3B87049E}.REL_SDK17|Any CPU.Build.0 = REL_SDK17|Any CPU
		{FC052F54-1AF2-4852-A582-836D483A2A07}.DBG_SDK10|Any CPU.ActiveCfg = DBG_SDK10|Any CPU
		{FC052F54-1AF2-4852-A582-836D483A2A07}.DBG_SDK10|Any CPU.Build.0 = DBG_SDK10|Any CPU
		{FC052F54-1AF2-4852-A582-836D483A2A07}.DBG_SDK15|Any CPU.ActiveCfg = DBG_SDK15|Any CPU
		{FC052F54-1AF2-4852-A582-836D483A2A07}.DBG_SDK15|Any CPU.Build.0 = DBG_SDK15|Any CPU
		{FC052F54-1AF2-4852-A582-836D483A2A07}.DBG_SDK17|Any CPU.ActiveCfg = DBG_SDK17|Any CPU
		{FC052F54-1AF2-4852-A582-836D483A2A07}.DBG_SDK17|Any CPU.Build.0 = DBG_SDK17|Any CPU
		{FC052F54-1AF2-4852-A582-836D483A2A07}.REL_SDK10|Any CPU.ActiveCfg = REL_SDK10|Any CPU
		{FC052F54-1AF2-4852-A582-836D483A2A07}.REL_SDK10|Any CPU.Build.0 = REL_SDK10|Any CPU
		{FC052F54-1AF2-4852-A582-836D483A2A07}.REL_SDK15|Any CPU.ActiveCfg = REL_SDK15|Any CPU
		{FC052F54-1AF2-4852-A582-836D483A2A07}.REL_SDK15|Any CPU.Build.0 = REL_SDK15|Any CPU
		{FC052F54-1AF2-4852-A582-836D483A2A07}.REL_SDK17|Any CPU.ActiveCfg = REL_SDK17|Any CPU
		{FC052F54-1AF2-4852-A582-836D483A2A07}.REL_SDK17|Any CPU.Build.0 = REL_SDK17|Any CPU
		{C15824DA-1015-47E4-9F96-B59591A36C4E}.DBG_SDK10|Any CPU.ActiveCfg = DBG_SDK10|Any CPU
		{C15824DA-1015-47E4-9F96-B59591A36C4E}.DBG_SDK10|Any CPU.Build.0 = DBG_SDK10|Any CPU
		{C15824DA-1015-47E4-9F96-B59591A36C4E}.DBG_SDK15|Any CPU.ActiveCfg = DBG_SDK15|Any CPU
		{C15824DA-1015-47E4-9F96-B59591A36C4E}.DBG_SDK15|Any CPU.Build.0 = DBG_SDK15|Any CPU
		{C15824DA-1015-47E4-9F96-B59591A36C4E}.DBG_SDK17|Any CPU.ActiveCfg = DBG_SDK17|Any CPU
		{C15824DA-1015-47E4-9F96-B59591A36C4E}.DBG_SDK17|Any CPU.Build.0 = DBG_SDK17|Any CPU
		{C15824DA-1015-47E4-9F96-B59591A36C4E}.REL_SDK10|Any CPU.ActiveCfg = REL_SDK10|Any CPU
		{C15824DA-1015-47E4-9F96-B59591A36C4E}.REL_SDK10|Any CPU.Build.0 = REL_SDK10|Any CPU
		{C15824DA-1015-47E4-9F96-B59591A36C4E}.REL_SDK15|Any CPU.ActiveCfg = REL_SDK15|Any CPU
		{C15824DA-1015-47E4-9F96-B59591A36C4E}.REL_SDK15|Any CPU.Build.0 = REL_SDK15|Any CPU
		{C15824DA-1015-47E4-9F96-B59591A36C4E}.REL_SDK17|Any CPU.ActiveCfg = REL_SDK17|Any CPU
		{C15824DA-1015-47E4-9F96-B59591A36C4E}.REL_SDK17|Any CPU.Build.0 = REL_SDK17|Any CPU
	EndGlobalSection
	GlobalSection(SolutionProperties) = preSolution
		HideSolutionNode = FALSE
	EndGlobalSection
	GlobalSection(NestedProjects) = preSolution
		{4535CDA1-84A0-454B-8024-B43E5FF60C14} = {B9825033-5C6B-4B81-9D5C-5C01A1DDCC95}
		{2D581D12-4D3B-4634-8994-AB7696631EEA} = {BA1B2E4D-7921-4555-BAEC-96BA92AFB8DE}
		{D1BAAEDF-56B7-449D-A54A-6DD0E0865794} = {BA1B2E4D-7921-4555-BAEC-96BA92AFB8DE}
		{8C63F705-865E-4E0D-9D8F-A94447572E88} = {BA1B2E4D-7921-4555-BAEC-96BA92AFB8DE}
		{E94B649F-E06B-4F2A-9A81-4F2277AA3C4C} = {BA1B2E4D-7921-4555-BAEC-96BA92AFB8DE}
		{5C6C3DAA-4D11-4625-AC42-91E7427465E9} = {BA1B2E4D-7921-4555-BAEC-96BA92AFB8DE}
		{424FF98E-9A4C-4132-9BC2-EE44A091FDFC} = {85F40965-8316-4F2B-BD3C-DFF3A3DDADC5}
		{975A347D-EC1A-43A5-BA62-E98BFA3BACB1} = {2AD4111C-2116-4B24-A222-380D33D6C328}
		{E6A9E109-E2C3-416A-B1CC-419C15517FBD} = {85F40965-8316-4F2B-BD3C-DFF3A3DDADC5}
		{5B6119E8-149A-4951-A38B-3FCCCF6989B0} = {B9825033-5C6B-4B81-9D5C-5C01A1DDCC95}
		{9E29090D-2C2D-441F-93A8-D5B2B144689B} = {BA1B2E4D-7921-4555-BAEC-96BA92AFB8DE}
		{8F978F46-F753-4B9B-A1B9-A45D1055A7FA} = {BA1B2E4D-7921-4555-BAEC-96BA92AFB8DE}
		{1024A7F4-F1DB-4E72-82F9-7147106DD68A} = {BA1B2E4D-7921-4555-BAEC-96BA92AFB8DE}
		{CA7593EC-5AAE-4403-A884-C939C2BB5A4F} = {BA1B2E4D-7921-4555-BAEC-96BA92AFB8DE}
		{45494557-B2FE-4B18-AA1C-CF40E927A057} = {BA1B2E4D-7921-4555-BAEC-96BA92AFB8DE}
		{1CBD5BB8-EBDD-44A3-8BA8-99EAF56A045F} = {2AD4111C-2116-4B24-A222-380D33D6C328}
		{D63DA37D-E70A-4367-B89C-7BAB3B87049E} = {2AD4111C-2116-4B24-A222-380D33D6C328}
		{FC052F54-1AF2-4852-A582-836D483A2A07} = {2AD4111C-2116-4B24-A222-380D33D6C328}
		{C15824DA-1015-47E4-9F96-B59591A36C4E} = {2AD4111C-2116-4B24-A222-380D33D6C328}
	EndGlobalSection
	GlobalSection(ExtensibilityGlobals) = postSolution
		SolutionGuid = {6AB957CD-4591-40A5-B117-A7839E367EC2}
	EndGlobalSection
EndGlobal
